<?xml version="1.0" encoding="UTF-8"?>
<CONFIG>
  <ProjectOptions>
    <Version Value="12"/>
    <PathDelim Value="\"/>
    <General>
      <SessionStorage Value="InProjectDir"/>
      <Title Value="projectSistemaCadastro"/>
      <Scaled Value="True"/>
      <ResourceType Value="res"/>
      <UseXPManifest Value="True"/>
      <XPManifest>
        <DpiAware Value="True"/>
      </XPManifest>
      <Icon Value="0"/>
    </General>
    <BuildModes>
      <Item Name="Default" Default="True"/>
    </BuildModes>
    <PublishOptions>
      <Version Value="2"/>
      <UseFileFilters Value="True"/>
    </PublishOptions>
    <RunParams>
      <FormatVersion Value="2"/>
    </RunParams>
    <RequiredPackages>
      <Item>
        <PackageName Value="SQLDBLaz"/>
      </Item>
      <Item>
        <PackageName Value="DateTimeCtrls"/>
      </Item>
      <Item>
        <PackageName Value="FCL"/>
      </Item>
      <Item>
        <PackageName Value="LCL"/>
      </Item>
    </RequiredPackages>
    <Units>
      <Unit>
        <Filename Value="projectSistemaCadastro.lpr"/>
        <IsPartOfProject Value="True"/>
      </Unit>
      <Unit>
        <Filename Value="unitsistemacadastro.pas"/>
        <IsPartOfProject Value="True"/>
        <ComponentName Value="FormSistemaCadastro"/>
        <HasResources Value="True"/>
        <ResourceBaseClass Value="Form"/>
        <UnitName Value="unitSistemaCadastro"/>
      </Unit>
      <Unit>
        <Filename Value="unitcadastropai.pas"/>
        <IsPartOfProject Value="True"/>
        <ComponentName Value="FormCadastroPai"/>
        <HasResources Value="True"/>
        <ResourceBaseClass Value="Form"/>
        <UnitName Value="unitCadastroPai"/>
      </Unit>
      <Unit>
        <Filename Value="unitcadastrofornecedor.pas"/>
        <IsPartOfProject Value="True"/>
        <ComponentName Value="FormCadastroFornecedor"/>
        <HasResources Value="True"/>
        <ResourceBaseClass Value="Form"/>
        <UnitName Value="unitCadastroFornecedor"/>
      </Unit>
      <Unit>
        <Filename Value="unitcadastrocliente.pas"/>
        <IsPartOfProject Value="True"/>
        <ComponentName Value="FormCadastroCliente"/>
        <HasResources Value="True"/>
        <ResourceBaseClass Value="Form"/>
        <UnitName Value="unitCadastroCliente"/>
      </Unit>
      <Unit>
        <Filename Value="unitproduto.pas"/>
        <IsPartOfProject Value="True"/>
        <ComponentName Value="FormCadastroProduto"/>
        <HasResources Value="True"/>
        <ResourceBaseClass Value="Form"/>
        <UnitName Value="unitProduto"/>
      </Unit>
      <Unit>
        <Filename Value="unitcrediario.pas"/>
        <IsPartOfProject Value="True"/>
        <ComponentName Value="FormCadastroCrediario"/>
        <HasResources Value="True"/>
        <ResourceBaseClass Value="Form"/>
        <UnitName Value="unitCrediario"/>
      </Unit>
      <Unit>
        <Filename Value="unitcadastrofuncionario.pas"/>
        <IsPartOfProject Value="True"/>
        <ComponentName Value="FormCadastroCadastroFuncionario"/>
        <HasResources Value="True"/>
        <ResourceBaseClass Value="Form"/>
        <UnitName Value="unitCadastroFuncionario"/>
      </Unit>
    </Units>
  </ProjectOptions>
  <CompilerOptions>
    <Version Value="11"/>
    <PathDelim Value="\"/>
    <Target>
      <Filename Value="projectSistemaCadastro"/>
    </Target>
    <SearchPaths>
      <IncludeFiles Value="$(ProjOutDir)"/>
      <UnitOutputDirectory Value="lib\$(TargetCPU)-$(TargetOS)"/>
    </SearchPaths>
    <Linking>
      <Debugging>
        <DebugInfoType Value="dsDwarf2Set"/>
      </Debugging>
      <Options>
        <Win32>
          <GraphicApplication Value="True"/>
        </Win32>
      </Options>
    </Linking>
  </CompilerOptions>
  <Debugging>
    <Exceptions>
      <Item>
        <Name Value="EAbort"/>
      </Item>
      <Item>
        <Name Value="ECodetoolError"/>
      </Item>
      <Item>
        <Name Value="EFOpenError"/>
      </Item>
    </Exceptions>
  </Debugging>
</CONFIG>
